
Microsoft Visual Studio Solution File, Format Version 12.00
# Visual Studio 15
Project("{FAE04EC0-301F-11D3-BF4B-00C04F79EFBC}") = "Assembly-CSharp", "Assembly-CSharp.csproj", "{A8184296-CA5B-5815-0DCF-8CCFE51578DD}"
EndProject
Global
	GlobalSection(SolutionConfigurationPlatforms) = preSolution
		Debug|Any CPU = Debug|Any CPU
		Release|Any CPU = Release|Any CPU
	EndGlobalSection
	GlobalSection(ProjectConfigurationPlatforms) = postSolution
		{A8184296-CA5B-5815-0DCF-8CCFE51578DD}.Debug|Any CPU.ActiveCfg = Debug|Any CPU
		{A8184296-CA5B-5815-0DCF-8CCFE51578DD}.Debug|Any CPU.Build.0 = Debug|Any CPU
		{A8184296-CA5B-5815-0DCF-8CCFE51578DD}.Release|Any CPU.ActiveCfg = Release|Any CPU
		{A8184296-CA5B-5815-0DCF-8CCFE51578DD}.Release|Any CPU.Build.0 = Release|Any CPU
	EndGlobalSection
	GlobalSection(SolutionProperties) = preSolution
		HideSolutionNode = FALSE
	EndGlobalSection
EndGlobal
