
Microsoft Visual Studio Solution File, Format Version 12.00
# Visual Studio 15
Project("{FAE04EC0-301F-11D3-BF4B-00C04F79EFBC}") = "Assembly-CSharp", "Assembly-CSharp.csproj", "{A03320BA-3702-F90D-ABAB-0C7DB866A8CC}"
EndProject
Project("{FAE04EC0-301F-11D3-BF4B-00C04F79EFBC}") = "Google.XR.ARCoreExtensions", "Google.XR.ARCoreExtensions.csproj", "{4BB9AE7F-D868-CEE6-A9A3-F98DF02B9E2E}"
EndProject
Project("{FAE04EC0-301F-11D3-BF4B-00C04F79EFBC}") = "Google.XR.ARCoreExtensions.Editor", "Google.XR.ARCoreExtensions.Editor.csproj", "{6AA7C14F-2520-FF6A-2FF3-6D5DD8CAEDE4}"
EndProject
Global
	GlobalSection(SolutionConfigurationPlatforms) = preSolution
		Debug|Any CPU = Debug|Any CPU
		Release|Any CPU = Release|Any CPU
	EndGlobalSection
	GlobalSection(ProjectConfigurationPlatforms) = postSolution
		{A03320BA-3702-F90D-ABAB-0C7DB866A8CC}.Debug|Any CPU.ActiveCfg = Debug|Any CPU
		{A03320BA-3702-F90D-ABAB-0C7DB866A8CC}.Debug|Any CPU.Build.0 = Debug|Any CPU
		{A03320BA-3702-F90D-ABAB-0C7DB866A8CC}.Release|Any CPU.ActiveCfg = Release|Any CPU
		{A03320BA-3702-F90D-ABAB-0C7DB866A8CC}.Release|Any CPU.Build.0 = Release|Any CPU
		{4BB9AE7F-D868-CEE6-A9A3-F98DF02B9E2E}.Debug|Any CPU.ActiveCfg = Debug|Any CPU
		{4BB9AE7F-D868-CEE6-A9A3-F98DF02B9E2E}.Debug|Any CPU.Build.0 = Debug|Any CPU
		{4BB9AE7F-D868-CEE6-A9A3-F98DF02B9E2E}.Release|Any CPU.ActiveCfg = Release|Any CPU
		{4BB9AE7F-D868-CEE6-A9A3-F98DF02B9E2E}.Release|Any CPU.Build.0 = Release|Any CPU
		{6AA7C14F-2520-FF6A-2FF3-6D5DD8CAEDE4}.Debug|Any CPU.ActiveCfg = Debug|Any CPU
		{6AA7C14F-2520-FF6A-2FF3-6D5DD8CAEDE4}.Debug|Any CPU.Build.0 = Debug|Any CPU
		{6AA7C14F-2520-FF6A-2FF3-6D5DD8CAEDE4}.Release|Any CPU.ActiveCfg = Release|Any CPU
		{6AA7C14F-2520-FF6A-2FF3-6D5DD8CAEDE4}.Release|Any CPU.Build.0 = Release|Any CPU
	EndGlobalSection
	GlobalSection(SolutionProperties) = preSolution
		HideSolutionNode = FALSE
	EndGlobalSection
EndGlobal
